
Microsoft Visual Studio Solution File, Format Version 12.00
# Visual Studio Version 17
VisualStudioVersion = 17.0.31903.59
MinimumVisualStudioVersion = 10.0.40219.1
Project("{9A19103F-16F7-4668-BE54-9A1E7A4F7556}") = "CED.Application", "CED.Application\CED.Application.csproj", "{C06D2C68-40E7-4E03-B285-019299E63FF7}"
EndProject
Project("{9A19103F-16F7-4668-BE54-9A1E7A4F7556}") = "CED.Contracts", "CED.Contracts\CED.Contracts.csproj", "{2122441E-6772-4C4A-9646-520BBE189B43}"
EndProject
Project("{9A19103F-16F7-4668-BE54-9A1E7A4F7556}") = "CED.Domain", "CED.Domain\CED.Domain.csproj", "{1337B112-8183-4829-AC3D-7320774CF8C1}"
EndProject
Project("{9A19103F-16F7-4668-BE54-9A1E7A4F7556}") = "CED.Infrastructure", "CED.Infrastructure\CED.Infrastructure.csproj", "{7DDB82FF-1525-42F8-ACDB-73DF72E5F231}"
EndProject
Project("{9A19103F-16F7-4668-BE54-9A1E7A4F7556}") = "CED.WebAPI", "CED.WebAPI\CED.WebAPI.csproj", "{3F33FBC9-0FED-486B-8A56-153B59AFDCED}"
EndProject
Project("{9A19103F-16F7-4668-BE54-9A1E7A4F7556}") = "CED.Domain.Shared", "CED.Domain.Shared\CED.Domain.Shared.csproj", "{5438E04F-BE99-49ED-A63C-8512D40FACC0}"
EndProject
Project("{2150E333-8FDC-42A3-9474-1A3956D46DE8}") = "CED.Test", "CED.Test", "{B40CDC16-C662-4BF9-8599-4CE4DB5937CE}"
EndProject
Project("{FAE04EC0-301F-11D3-BF4B-00C04F79EFBC}") = "UnitTests", "UnitTests\UnitTests.csproj", "{F8D3D8B8-453B-4681-AE5C-141541BC85B8}"
EndProject
Global
	GlobalSection(SolutionConfigurationPlatforms) = preSolution
		Debug|Any CPU = Debug|Any CPU
		Release|Any CPU = Release|Any CPU
	EndGlobalSection
	GlobalSection(ProjectConfigurationPlatforms) = postSolution
		{C06D2C68-40E7-4E03-B285-019299E63FF7}.Debug|Any CPU.ActiveCfg = Debug|Any CPU
		{C06D2C68-40E7-4E03-B285-019299E63FF7}.Debug|Any CPU.Build.0 = Debug|Any CPU
		{C06D2C68-40E7-4E03-B285-019299E63FF7}.Release|Any CPU.ActiveCfg = Release|Any CPU
		{C06D2C68-40E7-4E03-B285-019299E63FF7}.Release|Any CPU.Build.0 = Release|Any CPU
		{2122441E-6772-4C4A-9646-520BBE189B43}.Debug|Any CPU.ActiveCfg = Debug|Any CPU
		{2122441E-6772-4C4A-9646-520BBE189B43}.Debug|Any CPU.Build.0 = Debug|Any CPU
		{2122441E-6772-4C4A-9646-520BBE189B43}.Release|Any CPU.ActiveCfg = Release|Any CPU
		{2122441E-6772-4C4A-9646-520BBE189B43}.Release|Any CPU.Build.0 = Release|Any CPU
		{1337B112-8183-4829-AC3D-7320774CF8C1}.Debug|Any CPU.ActiveCfg = Debug|Any CPU
		{1337B112-8183-4829-AC3D-7320774CF8C1}.Debug|Any CPU.Build.0 = Debug|Any CPU
		{1337B112-8183-4829-AC3D-7320774CF8C1}.Release|Any CPU.ActiveCfg = Release|Any CPU
		{1337B112-8183-4829-AC3D-7320774CF8C1}.Release|Any CPU.Build.0 = Release|Any CPU
		{7DDB82FF-1525-42F8-ACDB-73DF72E5F231}.Debug|Any CPU.ActiveCfg = Debug|Any CPU
		{7DDB82FF-1525-42F8-ACDB-73DF72E5F231}.Debug|Any CPU.Build.0 = Debug|Any CPU
		{7DDB82FF-1525-42F8-ACDB-73DF72E5F231}.Release|Any CPU.ActiveCfg = Release|Any CPU
		{7DDB82FF-1525-42F8-ACDB-73DF72E5F231}.Release|Any CPU.Build.0 = Release|Any CPU
		{3F33FBC9-0FED-486B-8A56-153B59AFDCED}.Debug|Any CPU.ActiveCfg = Debug|Any CPU
		{3F33FBC9-0FED-486B-8A56-153B59AFDCED}.Debug|Any CPU.Build.0 = Debug|Any CPU
		{3F33FBC9-0FED-486B-8A56-153B59AFDCED}.Release|Any CPU.ActiveCfg = Release|Any CPU
		{3F33FBC9-0FED-486B-8A56-153B59AFDCED}.Release|Any CPU.Build.0 = Release|Any CPU
		{5438E04F-BE99-49ED-A63C-8512D40FACC0}.Debug|Any CPU.ActiveCfg = Debug|Any CPU
		{5438E04F-BE99-49ED-A63C-8512D40FACC0}.Debug|Any CPU.Build.0 = Debug|Any CPU
		{5438E04F-BE99-49ED-A63C-8512D40FACC0}.Release|Any CPU.ActiveCfg = Release|Any CPU
		{5438E04F-BE99-49ED-A63C-8512D40FACC0}.Release|Any CPU.Build.0 = Release|Any CPU
		{F8D3D8B8-453B-4681-AE5C-141541BC85B8}.Debug|Any CPU.ActiveCfg = Debug|Any CPU
		{F8D3D8B8-453B-4681-AE5C-141541BC85B8}.Debug|Any CPU.Build.0 = Debug|Any CPU
		{F8D3D8B8-453B-4681-AE5C-141541BC85B8}.Release|Any CPU.ActiveCfg = Release|Any CPU
		{F8D3D8B8-453B-4681-AE5C-141541BC85B8}.Release|Any CPU.Build.0 = Release|Any CPU
	EndGlobalSection
	GlobalSection(SolutionProperties) = preSolution
		HideSolutionNode = FALSE
	EndGlobalSection
	GlobalSection(NestedProjects) = preSolution
		{F8D3D8B8-453B-4681-AE5C-141541BC85B8} = {B40CDC16-C662-4BF9-8599-4CE4DB5937CE}
	EndGlobalSection
	GlobalSection(ExtensibilityGlobals) = postSolution
		SolutionGuid = {CA6A71EF-54C8-4F56-9738-7C9A6D5D277C}
	EndGlobalSection
EndGlobal
